// !$*UTF8*$!
{
	archiveVersion = 1;
	classes = {
	};
	objectVersion = 55;
	objects = {

/* Begin PBXBuildFile section */
		4221CF2C28C228E200190BCC /* AppDelegate.swift in Sources */ = {isa = PBXBuildFile; fileRef = 4221CF2B28C228E200190BCC /* AppDelegate.swift */; };
		4221CF2E28C228E200190BCC /* SceneDelegate.swift in Sources */ = {isa = PBXBuildFile; fileRef = 4221CF2D28C228E200190BCC /* SceneDelegate.swift */; };
		4221CF3328C228E200190BCC /* Main.storyboard in Resources */ = {isa = PBXBuildFile; fileRef = 4221CF3128C228E200190BCC /* Main.storyboard */; };
		4221CF3528C228E400190BCC /* Assets.xcassets in Resources */ = {isa = PBXBuildFile; fileRef = 4221CF3428C228E400190BCC /* Assets.xcassets */; };
		4221CF3828C228E400190BCC /* LaunchScreen.storyboard in Resources */ = {isa = PBXBuildFile; fileRef = 4221CF3628C228E400190BCC /* LaunchScreen.storyboard */; };
		4221CF4028C22A6A00190BCC /* HomeViewController.swift in Sources */ = {isa = PBXBuildFile; fileRef = 4221CF3F28C22A6A00190BCC /* HomeViewController.swift */; };
		4221CF4228C22A8000190BCC /* SecondViewController.swift in Sources */ = {isa = PBXBuildFile; fileRef = 4221CF4128C22A8000190BCC /* SecondViewController.swift */; };
		4221CF4428C22A9300190BCC /* FirstViewController.swift in Sources */ = {isa = PBXBuildFile; fileRef = 4221CF4328C22A9300190BCC /* FirstViewController.swift */; };
		46DC25EFF3AB22E19EB56BA3 /* Pods_DocusignApp.framework in Frameworks */ = {isa = PBXBuildFile; fileRef = 13B3BC1DCD391455C97820D1 /* Pods_DocusignApp.framework */; };
/* End PBXBuildFile section */

/* Begin PBXFileReference section */
		11AE2A872AC994483FDC9B5D /* Pods-DocusignApp.release.xcconfig */ = {isa = PBXFileReference; includeInIndex = 1; lastKnownFileType = text.xcconfig; name = "Pods-DocusignApp.release.xcconfig"; path = "Target Support Files/Pods-DocusignApp/Pods-DocusignApp.release.xcconfig"; sourceTree = "<group>"; };
		13B3BC1DCD391455C97820D1 /* Pods_DocusignApp.framework */ = {isa = PBXFileReference; explicitFileType = wrapper.framework; includeInIndex = 0; path = Pods_DocusignApp.framework; sourceTree = BUILT_PRODUCTS_DIR; };
		4221CF2828C228E200190BCC /* DocusignApp.app */ = {isa = PBXFileReference; explicitFileType = wrapper.application; includeInIndex = 0; path = DocusignApp.app; sourceTree = BUILT_PRODUCTS_DIR; };
		4221CF2B28C228E200190BCC /* AppDelegate.swift */ = {isa = PBXFileReference; lastKnownFileType = sourcecode.swift; path = AppDelegate.swift; sourceTree = "<group>"; };
		4221CF2D28C228E200190BCC /* SceneDelegate.swift */ = {isa = PBXFileReference; lastKnownFileType = sourcecode.swift; path = SceneDelegate.swift; sourceTree = "<group>"; };
		4221CF3228C228E200190BCC /* Base */ = {isa = PBXFileReference; lastKnownFileType = file.storyboard; name = Base; path = Base.lproj/Main.storyboard; sourceTree = "<group>"; };
		4221CF3428C228E400190BCC /* Assets.xcassets */ = {isa = PBXFileReference; lastKnownFileType = folder.assetcatalog; path = Assets.xcassets; sourceTree = "<group>"; };
		4221CF3728C228E400190BCC /* Base */ = {isa = PBXFileReference; lastKnownFileType = file.storyboard; name = Base; path = Base.lproj/LaunchScreen.storyboard; sourceTree = "<group>"; };
		4221CF3928C228E400190BCC /* Info.plist */ = {isa = PBXFileReference; lastKnownFileType = text.plist.xml; path = Info.plist; sourceTree = "<group>"; };
		4221CF3F28C22A6A00190BCC /* HomeViewController.swift */ = {isa = PBXFileReference; lastKnownFileType = sourcecode.swift; path = HomeViewController.swift; sourceTree = "<group>"; };
		4221CF4128C22A8000190BCC /* SecondViewController.swift */ = {isa = PBXFileReference; lastKnownFileType = sourcecode.swift; path = SecondViewController.swift; sourceTree = "<group>"; };
		4221CF4328C22A9300190BCC /* FirstViewController.swift */ = {isa = PBXFileReference; lastKnownFileType = sourcecode.swift; path = FirstViewController.swift; sourceTree = "<group>"; };
		DE90E8ED2DA6CD30F13291CB /* Pods-DocusignApp.debug.xcconfig */ = {isa = PBXFileReference; includeInIndex = 1; lastKnownFileType = text.xcconfig; name = "Pods-DocusignApp.debug.xcconfig"; path = "Target Support Files/Pods-DocusignApp/Pods-DocusignApp.debug.xcconfig"; sourceTree = "<group>"; };
/* End PBXFileReference section */

/* Begin PBXFrameworksBuildPhase section */
		4221CF2528C228E200190BCC /* Frameworks */ = {
			isa = PBXFrameworksBuildPhase;
			buildActionMask = 2147483647;
			files = (
				46DC25EFF3AB22E19EB56BA3 /* Pods_DocusignApp.framework in Frameworks */,
			);
			runOnlyForDeploymentPostprocessing = 0;
		};
/* End PBXFrameworksBuildPhase section */

/* Begin PBXGroup section */
		1B1F212C972FBD81B3390407 /* Frameworks */ = {
			isa = PBXGroup;
			children = (
				13B3BC1DCD391455C97820D1 /* Pods_DocusignApp.framework */,
			);
			name = Frameworks;
			sourceTree = "<group>";
		};
		4221CF1F28C228E200190BCC = {
			isa = PBXGroup;
			children = (
				4221CF2A28C228E200190BCC /* DocusignApp */,
				4221CF2928C228E200190BCC /* Products */,
				E709093D9169BCFEAF28E6D9 /* Pods */,
				1B1F212C972FBD81B3390407 /* Frameworks */,
			);
			sourceTree = "<group>";
		};
		4221CF2928C228E200190BCC /* Products */ = {
			isa = PBXGroup;
			children = (
				4221CF2828C228E200190BCC /* DocusignApp.app */,
			);
			name = Products;
			sourceTree = "<group>";
		};
		4221CF2A28C228E200190BCC /* DocusignApp */ = {
			isa = PBXGroup;
			children = (
				4221CF2B28C228E200190BCC /* AppDelegate.swift */,
				4221CF2D28C228E200190BCC /* SceneDelegate.swift */,
				4221CF3F28C22A6A00190BCC /* HomeViewController.swift */,
				4221CF4328C22A9300190BCC /* FirstViewController.swift */,
				4221CF4128C22A8000190BCC /* SecondViewController.swift */,
				4221CF3128C228E200190BCC /* Main.storyboard */,
				4221CF3428C228E400190BCC /* Assets.xcassets */,
				4221CF3628C228E400190BCC /* LaunchScreen.storyboard */,
				4221CF3928C228E400190BCC /* Info.plist */,
			);
			path = DocusignApp;
			sourceTree = "<group>";
		};
		E709093D9169BCFEAF28E6D9 /* Pods */ = {
			isa = PBXGroup;
			children = (
				DE90E8ED2DA6CD30F13291CB /* Pods-DocusignApp.debug.xcconfig */,
				11AE2A872AC994483FDC9B5D /* Pods-DocusignApp.release.xcconfig */,
			);
			path = Pods;
			sourceTree = "<group>";
		};
/* End PBXGroup section */

/* Begin PBXNativeTarget section */
		4221CF2728C228E200190BCC /* DocusignApp */ = {
			isa = PBXNativeTarget;
			buildConfigurationList = 4221CF3C28C228E400190BCC /* Build configuration list for PBXNativeTarget "DocusignApp" */;
			buildPhases = (
				98061D6F855B88B5B47BBE2E /* [CP] Check Pods Manifest.lock */,
				4221CF2428C228E200190BCC /* Sources */,
				4221CF2528C228E200190BCC /* Frameworks */,
				4221CF2628C228E200190BCC /* Resources */,
			);
			buildRules = (
			);
			dependencies = (
			);
			name = DocusignApp;
			productName = DocusignApp;
			productReference = 4221CF2828C228E200190BCC /* DocusignApp.app */;
			productType = "com.apple.product-type.application";
		};
/* End PBXNativeTarget section */

/* Begin PBXProject section */
		4221CF2028C228E200190BCC /* Project object */ = {
			isa = PBXProject;
			attributes = {
				BuildIndependentTargetsInParallel = 1;
				LastSwiftUpdateCheck = 1340;
				LastUpgradeCheck = 1340;
				TargetAttributes = {
					4221CF2728C228E200190BCC = {
						CreatedOnToolsVersion = 13.4.1;
					};
				};
			};
			buildConfigurationList = 4221CF2328C228E200190BCC /* Build configuration list for PBXProject "DocusignApp" */;
			compatibilityVersion = "Xcode 13.0";
			developmentRegion = en;
			hasScannedForEncodings = 0;
			knownRegions = (
				en,
				Base,
			);
			mainGroup = 4221CF1F28C228E200190BCC;
			productRefGroup = 4221CF2928C228E200190BCC /* Products */;
			projectDirPath = "";
			projectRoot = "";
			targets = (
				4221CF2728C228E200190BCC /* DocusignApp */,
			);
		};
/* End PBXProject section */

/* Begin PBXResourcesBuildPhase section */
		4221CF2628C228E200190BCC /* Resources */ = {
			isa = PBXResourcesBuildPhase;
			buildActionMask = 2147483647;
			files = (
				4221CF3828C228E400190BCC /* LaunchScreen.storyboard in Resources */,
				4221CF3528C228E400190BCC /* Assets.xcassets in Resources */,
				4221CF3328C228E200190BCC /* Main.storyboard in Resources */,
			);
			runOnlyForDeploymentPostprocessing = 0;
		};
/* End PBXResourcesBuildPhase section */

/* Begin PBXShellScriptBuildPhase section */
		98061D6F855B88B5B47BBE2E /* [CP] Check Pods Manifest.lock */ = {
			isa = PBXShellScriptBuildPhase;
			buildActionMask = 2147483647;
			files = (
			);
			inputFileListPaths = (
			);
			inputPaths = (
				"${PODS_PODFILE_DIR_PATH}/Podfile.lock",
				"${PODS_ROOT}/Manifest.lock",
			);
			name = "[CP] Check Pods Manifest.lock";
			outputFileListPaths = (
			);
			outputPaths = (
				"$(DERIVED_FILE_DIR)/Pods-DocusignApp-checkManifestLockResult.txt",
			);
			runOnlyForDeploymentPostprocessing = 0;
			shellPath = /bin/sh;
			shellScript = "diff \"${PODS_PODFILE_DIR_PATH}/Podfile.lock\" \"${PODS_ROOT}/Manifest.lock\" > /dev/null\nif [ $? != 0 ] ; then\n    # print error to STDERR\n    echo \"error: The sandbox is not in sync with the Podfile.lock. Run 'pod install' or update your CocoaPods installation.\" >&2\n    exit 1\nfi\n# This output is used by Xcode 'outputs' to avoid re-running this script phase.\necho \"SUCCESS\" > \"${SCRIPT_OUTPUT_FILE_0}\"\n";
			showEnvVarsInLog = 0;
		};
/* End PBXShellScriptBuildPhase section */

/* Begin PBXSourcesBuildPhase section */
		4221CF2428C228E200190BCC /* Sources */ = {
			isa = PBXSourcesBuildPhase;
			buildActionMask = 2147483647;
			files = (
				4221CF4428C22A9300190BCC /* FirstViewController.swift in Sources */,
				4221CF2C28C228E200190BCC /* AppDelegate.swift in Sources */,
				4221CF2E28C228E200190BCC /* SceneDelegate.swift in Sources */,
				4221CF4228C22A8000190BCC /* SecondViewController.swift in Sources */,
				4221CF4028C22A6A00190BCC /* HomeViewController.swift in Sources */,
			);
			runOnlyForDeploymentPostprocessing = 0;
		};
/* End PBXSourcesBuildPhase section */

/* Begin PBXVariantGroup section */
		4221CF3128C228E200190BCC /* Main.storyboard */ = {
			isa = PBXVariantGroup;
			children = (
				4221CF3228C228E200190BCC /* Base */,
			);
			name = Main.storyboard;
			sourceTree = "<group>";
		};
		4221CF3628C228E400190BCC /* LaunchScreen.storyboard */ = {
			isa = PBXVariantGroup;
			children = (
				4221CF3728C228E400190BCC /* Base */,
			);
			name = LaunchScreen.storyboard;
			sourceTree = "<group>";
		};
/* End PBXVariantGroup section */

/* Begin XCBuildConfiguration section */
		4221CF3A28C228E400190BCC /* Debug */ = {
			isa = XCBuildConfiguration;
			buildSettings = {
				ALWAYS_SEARCH_USER_PATHS = NO;
				CLANG_ANALYZER_NONNULL = YES;
				CLANG_ANALYZER_NUMBER_OBJECT_CONVERSION = YES_AGGRESSIVE;
				CLANG_CXX_LANGUAGE_STANDARD = "gnu++17";
				CLANG_ENABLE_MODULES = YES;
				CLANG_ENABLE_OBJC_ARC = YES;
				CLANG_ENABLE_OBJC_WEAK = YES;
				CLANG_WARN_BLOCK_CAPTURE_AUTORELEASING = YES;
				CLANG_WARN_BOOL_CONVERSION = YES;
				CLANG_WARN_COMMA = YES;
				CLANG_WARN_CONSTANT_CONVERSION = YES;
				CLANG_WARN_DEPRECATED_OBJC_IMPLEMENTATIONS = YES;
				CLANG_WARN_DIRECT_OBJC_ISA_USAGE = YES_ERROR;
				CLANG_WARN_DOCUMENTATION_COMMENTS = YES;
				CLANG_WARN_EMPTY_BODY = YES;
				CLANG_WARN_ENUM_CONVERSION = YES;
				CLANG_WARN_INFINITE_RECURSION = YES;
				CLANG_WARN_INT_CONVERSION = YES;
				CLANG_WARN_NON_LITERAL_NULL_CONVERSION = YES;
				CLANG_WARN_OBJC_IMPLICIT_RETAIN_SELF = YES;
				CLANG_WARN_OBJC_LITERAL_CONVERSION = YES;
				CLANG_WARN_OBJC_ROOT_CLASS = YES_ERROR;
				CLANG_WARN_QUOTED_INCLUDE_IN_FRAMEWORK_HEADER = YES;
				CLANG_WARN_RANGE_LOOP_ANALYSIS = YES;
				CLANG_WARN_STRICT_PROTOTYPES = YES;
				CLANG_WARN_SUSPICIOUS_MOVE = YES;
				CLANG_WARN_UNGUARDED_AVAILABILITY = YES_AGGRESSIVE;
				CLANG_WARN_UNREACHABLE_CODE = YES;
				CLANG_WARN__DUPLICATE_METHOD_MATCH = YES;
				COPY_PHASE_STRIP = NO;
				DEBUG_INFORMATION_FORMAT = dwarf;
				ENABLE_STRICT_OBJC_MSGSEND = YES;
				ENABLE_TESTABILITY = YES;
				GCC_C_LANGUAGE_STANDARD = gnu11;
				GCC_DYNAMIC_NO_PIC = NO;
				GCC_NO_COMMON_BLOCKS = YES;
				GCC_OPTIMIZATION_LEVEL = 0;
				GCC_PREPROCESSOR_DEFINITIONS = (
					"DEBUG=1",
					"$(inherited)",
				);
				GCC_WARN_64_TO_32_BIT_CONVERSION = YES;
				GCC_WARN_ABOUT_RETURN_TYPE = YES_ERROR;
				GCC_WARN_UNDECLARED_SELECTOR = YES;
				GCC_WARN_UNINITIALIZED_AUTOS = YES_AGGRESSIVE;
				GCC_WARN_UNUSED_FUNCTION = YES;
				GCC_WARN_UNUSED_VARIABLE = YES;
				IPHONEOS_DEPLOYMENT_TARGET = 15.5;
				MTL_ENABLE_DEBUG_INFO = INCLUDE_SOURCE;
				MTL_FAST_MATH = YES;
				ONLY_ACTIVE_ARCH = YES;
				SDKROOT = iphoneos;
				SWIFT_ACTIVE_COMPILATION_CONDITIONS = DEBUG;
				SWIFT_OPTIMIZATION_LEVEL = "-Onone";
			};
			name = Debug;
		};
		4221CF3B28C228E400190BCC /* Release */ = {
			isa = XCBuildConfiguration;
			buildSettings = {
				ALWAYS_SEARCH_USER_PATHS = NO;
				CLANG_ANALYZER_NONNULL = YES;
				CLANG_ANALYZER_NUMBER_OBJECT_CONVERSION = YES_AGGRESSIVE;
				CLANG_CXX_LANGUAGE_STANDARD = "gnu++17";
				CLANG_ENABLE_MODULES = YES;
				CLANG_ENABLE_OBJC_ARC = YES;
				CLANG_ENABLE_OBJC_WEAK = YES;
				CLANG_WARN_BLOCK_CAPTURE_AUTORELEASING = YES;
				CLANG_WARN_BOOL_CONVERSION = YES;
				CLANG_WARN_COMMA = YES;
				CLANG_WARN_CONSTANT_CONVERSION = YES;
				CLANG_WARN_DEPRECATED_OBJC_IMPLEMENTATIONS = YES;
				CLANG_WARN_DIRECT_OBJC_ISA_USAGE = YES_ERROR;
				CLANG_WARN_DOCUMENTATION_COMMENTS = YES;
				CLANG_WARN_EMPTY_BODY = YES;
				CLANG_WARN_ENUM_CONVERSION = YES;
				CLANG_WARN_INFINITE_RECURSION = YES;
				CLANG_WARN_INT_CONVERSION = YES;
				CLANG_WARN_NON_LITERAL_NULL_CONVERSION = YES;
				CLANG_WARN_OBJC_IMPLICIT_RETAIN_SELF = YES;
				CLANG_WARN_OBJC_LITERAL_CONVERSION = YES;
				CLANG_WARN_OBJC_ROOT_CLASS = YES_ERROR;
				CLANG_WARN_QUOTED_INCLUDE_IN_FRAMEWORK_HEADER = YES;
				CLANG_WARN_RANGE_LOOP_ANALYSIS = YES;
				CLANG_WARN_STRICT_PROTOTYPES = YES;
				CLANG_WARN_SUSPICIOUS_MOVE = YES;
				CLANG_WARN_UNGUARDED_AVAILABILITY = YES_AGGRESSIVE;
				CLANG_WARN_UNREACHABLE_CODE = YES;
				CLANG_WARN__DUPLICATE_METHOD_MATCH = YES;
				COPY_PHASE_STRIP = NO;
				DEBUG_INFORMATION_FORMAT = "dwarf-with-dsym";
				ENABLE_NS_ASSERTIONS = NO;
				ENABLE_STRICT_OBJC_MSGSEND = YES;
				GCC_C_LANGUAGE_STANDARD = gnu11;
				GCC_NO_COMMON_BLOCKS = YES;
				GCC_WARN_64_TO_32_BIT_CONVERSION = YES;
				GCC_WARN_ABOUT_RETURN_TYPE = YES_ERROR;
				GCC_WARN_UNDECLARED_SELECTOR = YES;
				GCC_WARN_UNINITIALIZED_AUTOS = YES_AGGRESSIVE;
				GCC_WARN_UNUSED_FUNCTION = YES;
				GCC_WARN_UNUSED_VARIABLE = YES;
				IPHONEOS_DEPLOYMENT_TARGET = 15.5;
				MTL_ENABLE_DEBUG_INFO = NO;
				MTL_FAST_MATH = YES;
				SDKROOT = iphoneos;
				SWIFT_COMPILATION_MODE = wholemodule;
				SWIFT_OPTIMIZATION_LEVEL = "-O";
				VALIDATE_PRODUCT = YES;
			};
			name = Release;
		};
		4221CF3D28C228E400190BCC /* Debug */ = {
			isa = XCBuildConfiguration;
			baseConfigurationReference = DE90E8ED2DA6CD30F13291CB /* Pods-DocusignApp.debug.xcconfig */;
			buildSettings = {
				ASSETCATALOG_COMPILER_APPICON_NAME = AppIcon;
				ASSETCATALOG_COMPILER_GLOBAL_ACCENT_COLOR_NAME = AccentColor;
				CODE_SIGN_STYLE = Automatic;
				CURRENT_PROJECT_VERSION = 1;
				DEVELOPMENT_TEAM = ATVT73NS6Z;
				GENERATE_INFOPLIST_FILE = YES;
				INFOPLIST_FILE = DocusignApp/Info.plist;
				INFOPLIST_KEY_UIApplicationSupportsIndirectInputEvents = YES;
				INFOPLIST_KEY_UILaunchStoryboardName = LaunchScreen;
				INFOPLIST_KEY_UIMainStoryboardFile = Main;
				INFOPLIST_KEY_UISupportedInterfaceOrientations_iPad = "UIInterfaceOrientationPortrait UIInterfaceOrientationPortraitUpsideDown UIInterfaceOrientationLandscapeLeft UIInterfaceOrientationLandscapeRight";
				INFOPLIST_KEY_UISupportedInterfaceOrientations_iPhone = "UIInterfaceOrientationPortrait UIInterfaceOrientationLandscapeLeft UIInterfaceOrientationLandscapeRight";
				LD_RUNPATH_SEARCH_PATHS = (
					"$(inherited)",
					"@executable_path/Frameworks",
				);
				MARKETING_VERSION = 1.0;
				PRODUCT_BUNDLE_IDENTIFIER = com.DocusignApp;
				PRODUCT_NAME = "$(TARGET_NAME)";
				SWIFT_EMIT_LOC_STRINGS = YES;
				SWIFT_VERSION = 5.0;
				TARGETED_DEVICE_FAMILY = "1,2";
			};
			name = Debug;
		};
		4221CF3E28C228E400190BCC /* Release */ = {
			isa = XCBuildConfiguration;
			baseConfigurationReference = 11AE2A872AC994483FDC9B5D /* Pods-DocusignApp.release.xcconfig */;
			buildSettings = {
				ASSETCATALOG_COMPILER_APPICON_NAME = AppIcon;
				ASSETCATALOG_COMPILER_GLOBAL_ACCENT_COLOR_NAME = AccentColor;
				CODE_SIGN_STYLE = Automatic;
				CURRENT_PROJECT_VERSION = 1;
				DEVELOPMENT_TEAM = ATVT73NS6Z;
				GENERATE_INFOPLIST_FILE = YES;
				INFOPLIST_FILE = DocusignApp/Info.plist;
				INFOPLIST_KEY_UIApplicationSupportsIndirectInputEvents = YES;
				INFOPLIST_KEY_UILaunchStoryboardName = LaunchScreen;
				INFOPLIST_KEY_UIMainStoryboardFile = Main;
				INFOPLIST_KEY_UISupportedInterfaceOrientations_iPad = "UIInterfaceOrientationPortrait UIInterfaceOrientationPortraitUpsideDown UIInterfaceOrientationLandscapeLeft UIInterfaceOrientationLandscapeRight";
				INFOPLIST_KEY_UISupportedInterfaceOrientations_iPhone = "UIInterfaceOrientationPortrait UIInterfaceOrientationLandscapeLeft UIInterfaceOrientationLandscapeRight";
				LD_RUNPATH_SEARCH_PATHS = (
					"$(inherited)",
					"@executable_path/Frameworks",
				);
				MARKETING_VERSION = 1.0;
				PRODUCT_BUNDLE_IDENTIFIER = com.DocusignApp;
				PRODUCT_NAME = "$(TARGET_NAME)";
				SWIFT_EMIT_LOC_STRINGS = YES;
				SWIFT_VERSION = 5.0;
				TARGETED_DEVICE_FAMILY = "1,2";
			};
			name = Release;
		};
/* End XCBuildConfiguration section */

/* Begin XCConfigurationList section */
		4221CF2328C228E200190BCC /* Build configuration list for PBXProject "DocusignApp" */ = {
			isa = XCConfigurationList;
			buildConfigurations = (
				4221CF3A28C228E400190BCC /* Debug */,
				4221CF3B28C228E400190BCC /* Release */,
			);
			defaultConfigurationIsVisible = 0;
			defaultConfigurationName = Release;
		};
		4221CF3C28C228E400190BCC /* Build configuration list for PBXNativeTarget "DocusignApp" */ = {
			isa = XCConfigurationList;
			buildConfigurations = (
				4221CF3D28C228E400190BCC /* Debug */,
				4221CF3E28C228E400190BCC /* Release */,
			);
			defaultConfigurationIsVisible = 0;
			defaultConfigurationName = Release;
		};
/* End XCConfigurationList section */
	};
	rootObject = 4221CF2028C228E200190BCC /* Project object */;
}
